
Microsoft Visual Studio Solution File, Format Version 12.00
# Visual Studio Version 17
VisualStudioVersion = 17.5.002.0
MinimumVisualStudioVersion = 10.0.40219.1
Project("{9A19103F-16F7-4668-BE54-9A1E7A4F7556}") = "mslearn-dotnet-files", "mslearn-dotnet-files\mslearn-dotnet-files.csproj", "{DD79E945-703D-4C37-ACBD-8611692CF99C}"
EndProject
Global
	GlobalSection(SolutionConfigurationPlatforms) = preSolution
		Debug|Any CPU = Debug|Any CPU
		Release|Any CPU = Release|Any CPU
	EndGlobalSection
	GlobalSection(ProjectConfigurationPlatforms) = postSolution
		{DD79E945-703D-4C37-ACBD-8611692CF99C}.Debug|Any CPU.ActiveCfg = Debug|Any CPU
		{DD79E945-703D-4C37-ACBD-8611692CF99C}.Debug|Any CPU.Build.0 = Debug|Any CPU
		{DD79E945-703D-4C37-ACBD-8611692CF99C}.Release|Any CPU.ActiveCfg = Release|Any CPU
		{DD79E945-703D-4C37-ACBD-8611692CF99C}.Release|Any CPU.Build.0 = Release|Any CPU
	EndGlobalSection
	GlobalSection(SolutionProperties) = preSolution
		HideSolutionNode = FALSE
	EndGlobalSection
	GlobalSection(ExtensibilityGlobals) = postSolution
		SolutionGuid = {165FD029-BF24-48D3-B868-1B877D920505}
	EndGlobalSection
EndGlobal
